github.com/melbahja/got v0.7.0 h1:YHbiuNZVS8fIkyV0iXyThQQliwlKZb5h4k80zBVovxg=
github.com/melbahja/got v0.7.0/go.mod h1:27cUstWCEfj6HBESMTGzCFY24Qj+QNMWot3+KuxguQU=
github.com/noclaps/applause v0.3.10 h1:oRKKyzClEXPM2RXqSpcbiy/gARR3nUP3gF4zvGC+DIw=
github.com/noclaps/applause v0.3.10/go.mod h1:WCHCcU2it5cpL5ZQOG7pLYZOTM12cTu2x7NtTh3nnIc=
